<?xml version="1.0" encoding="utf-8"?>
<Project ToolsVersion="4.0" xmlns="http://schemas.microsoft.com/developer/msbuild/2003">
  <ItemGroup>
    <Filter Include="Source Files">
      <UniqueIdentifier>{d032c2d7-4552-4c17-bba9-4e020e27990c}</UniqueIdentifier>
      <Extensions>cpp;c;cxx;rc;def;r;odl;idl;hpj;bat</Extensions>
    </Filter>
    <Filter Include="Header Files">
      <UniqueIdentifier>{cd21b8a2-80c5-485c-8c36-1abfa71e293a}</UniqueIdentifier>
      <Extensions>h;hpp;hxx;hm;inl</Extensions>
    </Filter>
    <Filter Include="Common Source Files">
      <UniqueIdentifier>{c2c76377-ed9c-4d11-afe4-225adc619284}</UniqueIdentifier>
    </Filter>
    <Filter Include="Common Header Files">
      <UniqueIdentifier>{a7132a73-f24b-47f2-8947-051fedd41804}</UniqueIdentifier>
    </Filter>
  </ItemGroup>
  <ItemGroup>
    <ClCompile Include="DLLMain.cpp">
      <Filter>Source Files</Filter>
    </ClCompile>
    <ClCompile Include="Doors.cpp">
      <Filter>Source Files</Filter>
    </ClCompile>
    <ClCompile Include="Items.cpp">
      <Filter>Source Files</Filter>
    </ClCompile>
    <ClCompile Include="Loot.cpp">
      <Filter>Source Files</Filter>
    </ClCompile>
    <ClCompile Include="MMF.cpp">
      <Filter>Source Files</Filter>
    </ClCompile>
    <ClCompile Include="MMFMutex.cpp">
      <Filter>Source Files</Filter>
    </ClCompile>
    <ClCompile Include="NPCFactionLists.cpp">
      <Filter>Source Files</Filter>
    </ClCompile>
    <ClCompile Include="NPCTypes.cpp">
      <Filter>Source Files</Filter>
    </ClCompile>
    <ClCompile Include="Opcodes.cpp">
      <Filter>Source Files</Filter>
    </ClCompile>
    <ClCompile Include="SkillCaps.cpp">
      <Filter>Source Files</Filter>
    </ClCompile>
    <ClCompile Include="Spells.cpp">
      <Filter>Source Files</Filter>
    </ClCompile>
    <ClCompile Include="..\common\debug.cpp">
      <Filter>Common Source Files</Filter>
    </ClCompile>
    <ClCompile Include="..\common\EMuShareMem.cpp">
      <Filter>Common Source Files</Filter>
    </ClCompile>
    <ClCompile Include="..\common\Mutex.cpp">
      <Filter>Common Source Files</Filter>
    </ClCompile>
    <ClCompile Include="..\common\SharedLibrary.cpp">
      <Filter>Common Source Files</Filter>
    </ClCompile>
    <ClCompile Include="..\common\timer.cpp">
      <Filter>Common Source Files</Filter>
    </ClCompile>
    <ClCompile Include="RandomLootDrop.cpp">
      <Filter>Source Files</Filter>
    </ClCompile>
    <ClCompile Include="Zones.cpp">
      <Filter>Source Files</Filter>
    </ClCompile>
  </ItemGroup>
  <ItemGroup>
    <ClInclude Include="Doors.h">
      <Filter>Header Files</Filter>
    </ClInclude>
    <ClInclude Include="Items.h">
      <Filter>Header Files</Filter>
    </ClInclude>
    <ClInclude Include="Loot.h">
      <Filter>Header Files</Filter>
    </ClInclude>
    <ClInclude Include="MMF.h">
      <Filter>Header Files</Filter>
    </ClInclude>
    <ClInclude Include="MMFMutex.h">
      <Filter>Header Files</Filter>
    </ClInclude>
    <ClInclude Include="NPCFactionLists.h">
      <Filter>Header Files</Filter>
    </ClInclude>
    <ClInclude Include="NPCTypes.h">
      <Filter>Header Files</Filter>
    </ClInclude>
    <ClInclude Include="Opcodes.h">
      <Filter>Header Files</Filter>
    </ClInclude>
    <ClInclude Include="Spells.h">
      <Filter>Header Files</Filter>
    </ClInclude>
    <ClInclude Include="..\common\debug.h">
      <Filter>Common Header Files</Filter>
    </ClInclude>
    <ClInclude Include="..\common\EMuShareMem.h">
      <Filter>Common Header Files</Filter>
    </ClInclude>
    <ClInclude Include="..\common\eq_packet_structs.h">
      <Filter>Common Header Files</Filter>
    </ClInclude>
    <ClInclude Include="..\common\Mutex.h">
      <Filter>Common Header Files</Filter>
    </ClInclude>
    <ClInclude Include="..\common\SharedLibrary.h">
      <Filter>Common Header Files</Filter>
    </ClInclude>
    <ClInclude Include="..\common\timer.h">
      <Filter>Common Header Files</Filter>
    </ClInclude>
    <ClInclude Include="RandomLootDrop.h">
      <Filter>Header Files</Filter>
    </ClInclude>
    <ClInclude Include="Zones.h">
      <Filter>Header Files</Filter>
    </ClInclude>
  </ItemGroup>
</Project>