<?xml version="1.0" encoding="utf-8"?>
<Project ToolsVersion="4.0" xmlns="http://schemas.microsoft.com/developer/msbuild/2003">
  <ItemGroup>
    <Filter Include="Source Files">
      <UniqueIdentifier>{5fe07c56-858c-4270-a1ae-9b9425f3dda3}</UniqueIdentifier>
      <Extensions>cpp;c;cxx;rc;def;r;odl;idl;hpj;bat</Extensions>
    </Filter>
    <Filter Include="Header Files">
      <UniqueIdentifier>{17d54f05-b4c8-4b75-8a79-23f8ddb54492}</UniqueIdentifier>
      <Extensions>h;hpp;hxx;hm;inl</Extensions>
    </Filter>
    <Filter Include="Common Source Files">
      <UniqueIdentifier>{715ab7c7-90ca-446e-8510-96a699c2e07f}</UniqueIdentifier>
    </Filter>
    <Filter Include="Common Header Files">
      <UniqueIdentifier>{b226b8d4-e886-49c3-935b-d9c0a8a843c7}</UniqueIdentifier>
    </Filter>
  </ItemGroup>
  <ItemGroup>
    <ClCompile Include="DLLMain.cpp">
      <Filter>Source Files</Filter>
    </ClCompile>
    <ClCompile Include="Doors.cpp">
      <Filter>Source Files</Filter>
    </ClCompile>
    <ClCompile Include="Items.cpp">
      <Filter>Source Files</Filter>
    </ClCompile>
    <ClCompile Include="Loot.cpp">
      <Filter>Source Files</Filter>
    </ClCompile>
    <ClCompile Include="MMF.cpp">
      <Filter>Source Files</Filter>
    </ClCompile>
    <ClCompile Include="MMFMutex.cpp">
      <Filter>Source Files</Filter>
    </ClCompile>
    <ClCompile Include="NPCFactionLists.cpp">
      <Filter>Source Files</Filter>
    </ClCompile>
    <ClCompile Include="NPCTypes.cpp">
      <Filter>Source Files</Filter>
    </ClCompile>
    <ClCompile Include="Opcodes.cpp">
      <Filter>Source Files</Filter>
    </ClCompile>
    <ClCompile Include="SkillCaps.cpp">
      <Filter>Source Files</Filter>
    </ClCompile>
    <ClCompile Include="Spells.cpp">
      <Filter>Source Files</Filter>
    </ClCompile>
    <ClCompile Include="..\common\debug.cpp">
      <Filter>Common Source Files</Filter>
    </ClCompile>
    <ClCompile Include="..\common\EMuShareMem.cpp">
      <Filter>Common Source Files</Filter>
    </ClCompile>
    <ClCompile Include="..\common\Mutex.cpp">
      <Filter>Common Source Files</Filter>
    </ClCompile>
    <ClCompile Include="..\common\SharedLibrary.cpp">
      <Filter>Common Source Files</Filter>
    </ClCompile>
    <ClCompile Include="..\common\timer.cpp">
      <Filter>Common Source Files</Filter>
    </ClCompile>
  </ItemGroup>
  <ItemGroup>
    <ClInclude Include="Doors.h">
      <Filter>Header Files</Filter>
    </ClInclude>
    <ClInclude Include="Items.h">
      <Filter>Header Files</Filter>
    </ClInclude>
    <ClInclude Include="Loot.h">
      <Filter>Header Files</Filter>
    </ClInclude>
    <ClInclude Include="MMF.h">
      <Filter>Header Files</Filter>
    </ClInclude>
    <ClInclude Include="MMFMutex.h">
      <Filter>Header Files</Filter>
    </ClInclude>
    <ClInclude Include="NPCFactionLists.h">
      <Filter>Header Files</Filter>
    </ClInclude>
    <ClInclude Include="NPCTypes.h">
      <Filter>Header Files</Filter>
    </ClInclude>
    <ClInclude Include="Opcodes.h">
      <Filter>Header Files</Filter>
    </ClInclude>
    <ClInclude Include="Spells.h">
      <Filter>Header Files</Filter>
    </ClInclude>
    <ClInclude Include="..\common\debug.h">
      <Filter>Common Header Files</Filter>
    </ClInclude>
    <ClInclude Include="..\common\EMuShareMem.h">
      <Filter>Common Header Files</Filter>
    </ClInclude>
    <ClInclude Include="..\common\eq_packet_structs.h">
      <Filter>Common Header Files</Filter>
    </ClInclude>
    <ClInclude Include="..\common\Mutex.h">
      <Filter>Common Header Files</Filter>
    </ClInclude>
    <ClInclude Include="..\common\SharedLibrary.h">
      <Filter>Common Header Files</Filter>
    </ClInclude>
    <ClInclude Include="..\common\timer.h">
      <Filter>Common Header Files</Filter>
    </ClInclude>
  </ItemGroup>
</Project>